
Microsoft Visual Studio Solution File, Format Version 12.00
# Visual Studio 2012
Project("{FAE04EC0-301F-11D3-BF4B-00C04F79EFBC}") = "WpfHelper", "WpfHelper\WpfHelper.csproj", "{473A9DEF-8948-42A0-B127-AAB5BCBC5790}"
EndProject
Project("{FAE04EC0-301F-11D3-BF4B-00C04F79EFBC}") = "WpfHelper.Test", "WpfHelper.Test\WpfHelper.Test.csproj", "{AD3C5FFE-E2C4-40B6-8A35-27E557A62A3E}"
EndProject
Project("{F088123C-0E9E-452A-89E6-6BA2F21D5CAC}") = "WpfHelper.Modeling", "WpfHelper.Modeling\WpfHelper.Modeling.modelproj", "{96B149C5-1C68-4A5E-A0D1-35526FA927C8}"
EndProject
Project("{2150E333-8FDC-42A3-9474-1A3956D46DE8}") = "Solution Items", "Solution Items", "{5E95FF33-F1F9-40AA-876E-5A22785D0339}"
	ProjectSection(SolutionItems) = preProject
		README.md = README.md
	EndProjectSection
EndProject
Global
	GlobalSection(SolutionConfigurationPlatforms) = preSolution
		Debug|Any CPU = Debug|Any CPU
		Release|Any CPU = Release|Any CPU
	EndGlobalSection
	GlobalSection(ProjectConfigurationPlatforms) = postSolution
		{473A9DEF-8948-42A0-B127-AAB5BCBC5790}.Debug|Any CPU.ActiveCfg = Debug|Any CPU
		{473A9DEF-8948-42A0-B127-AAB5BCBC5790}.Debug|Any CPU.Build.0 = Debug|Any CPU
		{473A9DEF-8948-42A0-B127-AAB5BCBC5790}.Release|Any CPU.ActiveCfg = Release|Any CPU
		{473A9DEF-8948-42A0-B127-AAB5BCBC5790}.Release|Any CPU.Build.0 = Release|Any CPU
		{AD3C5FFE-E2C4-40B6-8A35-27E557A62A3E}.Debug|Any CPU.ActiveCfg = Debug|Any CPU
		{AD3C5FFE-E2C4-40B6-8A35-27E557A62A3E}.Debug|Any CPU.Build.0 = Debug|Any CPU
		{AD3C5FFE-E2C4-40B6-8A35-27E557A62A3E}.Release|Any CPU.ActiveCfg = Release|Any CPU
		{AD3C5FFE-E2C4-40B6-8A35-27E557A62A3E}.Release|Any CPU.Build.0 = Release|Any CPU
		{96B149C5-1C68-4A5E-A0D1-35526FA927C8}.Debug|Any CPU.ActiveCfg = Debug|Any CPU
		{96B149C5-1C68-4A5E-A0D1-35526FA927C8}.Debug|Any CPU.Build.0 = Debug|Any CPU
		{96B149C5-1C68-4A5E-A0D1-35526FA927C8}.Release|Any CPU.ActiveCfg = Release|Any CPU
		{96B149C5-1C68-4A5E-A0D1-35526FA927C8}.Release|Any CPU.Build.0 = Release|Any CPU
	EndGlobalSection
	GlobalSection(SolutionProperties) = preSolution
		HideSolutionNode = FALSE
	EndGlobalSection
EndGlobal
